// !$*UTF8*$!
{
	archiveVersion = 1;
	classes = {
	};
	objectVersion = 48;
	objects = {

/* Begin PBXBuildFile section */
		1816A9781F46A798004968B7 /* AppDelegate.swift in Sources */ = {isa = PBXBuildFile; fileRef = 1816A9771F46A798004968B7 /* AppDelegate.swift */; };
		1816A97A1F46A798004968B7 /* DGScrollableSegmentControl.swift in Sources */ = {isa = PBXBuildFile; fileRef = 1816A9791F46A798004968B7 /* DGScrollableSegmentControl.swift */; };
		1816A97D1F46A798004968B7 /* Main.storyboard in Resources */ = {isa = PBXBuildFile; fileRef = 1816A97B1F46A798004968B7 /* Main.storyboard */; };
		1816A97F1F46A798004968B7 /* Assets.xcassets in Resources */ = {isa = PBXBuildFile; fileRef = 1816A97E1F46A798004968B7 /* Assets.xcassets */; };
		1816A9821F46A798004968B7 /* LaunchScreen.storyboard in Resources */ = {isa = PBXBuildFile; fileRef = 1816A9801F46A798004968B7 /* LaunchScreen.storyboard */; };
		1816A98A1F46B115004968B7 /* DGSpringButton.swift in Sources */ = {isa = PBXBuildFile; fileRef = 1816A9891F46B115004968B7 /* DGSpringButton.swift */; };
		1816A98C1F46BB0E004968B7 /* ViewController.swift in Sources */ = {isa = PBXBuildFile; fileRef = 1816A98B1F46BB0E004968B7 /* ViewController.swift */; };
/* End PBXBuildFile section */

/* Begin PBXFileReference section */
		1816A9741F46A798004968B7 /* ScrollableTabbar.app */ = {isa = PBXFileReference; explicitFileType = wrapper.application; includeInIndex = 0; path = ScrollableTabbar.app; sourceTree = BUILT_PRODUCTS_DIR; };
		1816A9771F46A798004968B7 /* AppDelegate.swift */ = {isa = PBXFileReference; lastKnownFileType = sourcecode.swift; path = AppDelegate.swift; sourceTree = "<group>"; };
		1816A9791F46A798004968B7 /* DGScrollableSegmentControl.swift */ = {isa = PBXFileReference; lastKnownFileType = sourcecode.swift; path = DGScrollableSegmentControl.swift; sourceTree = "<group>"; };
		1816A97C1F46A798004968B7 /* Base */ = {isa = PBXFileReference; lastKnownFileType = file.storyboard; name = Base; path = Base.lproj/Main.storyboard; sourceTree = "<group>"; };
		1816A97E1F46A798004968B7 /* Assets.xcassets */ = {isa = PBXFileReference; lastKnownFileType = folder.assetcatalog; path = Assets.xcassets; sourceTree = "<group>"; };
		1816A9811F46A798004968B7 /* Base */ = {isa = PBXFileReference; lastKnownFileType = file.storyboard; name = Base; path = Base.lproj/LaunchScreen.storyboard; sourceTree = "<group>"; };
		1816A9831F46A798004968B7 /* Info.plist */ = {isa = PBXFileReference; lastKnownFileType = text.plist.xml; path = Info.plist; sourceTree = "<group>"; };
		1816A9891F46B115004968B7 /* DGSpringButton.swift */ = {isa = PBXFileReference; lastKnownFileType = sourcecode.swift; path = DGSpringButton.swift; sourceTree = "<group>"; };
		1816A98B1F46BB0E004968B7 /* ViewController.swift */ = {isa = PBXFileReference; lastKnownFileType = sourcecode.swift; path = ViewController.swift; sourceTree = "<group>"; };
/* End PBXFileReference section */

/* Begin PBXFrameworksBuildPhase section */
		1816A9711F46A798004968B7 /* Frameworks */ = {
			isa = PBXFrameworksBuildPhase;
			buildActionMask = 2147483647;
			files = (
			);
			runOnlyForDeploymentPostprocessing = 0;
		};
/* End PBXFrameworksBuildPhase section */

/* Begin PBXGroup section */
		1816A96B1F46A797004968B7 = {
			isa = PBXGroup;
			children = (
				1816A9761F46A798004968B7 /* ScrollableTabbar */,
				1816A9751F46A798004968B7 /* Products */,
			);
			sourceTree = "<group>";
		};
		1816A9751F46A798004968B7 /* Products */ = {
			isa = PBXGroup;
			children = (
				1816A9741F46A798004968B7 /* ScrollableTabbar.app */,
			);
			name = Products;
			sourceTree = "<group>";
		};
		1816A9761F46A798004968B7 /* ScrollableTabbar */ = {
			isa = PBXGroup;
			children = (
				1816A9771F46A798004968B7 /* AppDelegate.swift */,
				1816A9791F46A798004968B7 /* DGScrollableSegmentControl.swift */,
				1816A98B1F46BB0E004968B7 /* ViewController.swift */,
				1816A9891F46B115004968B7 /* DGSpringButton.swift */,
				1816A97B1F46A798004968B7 /* Main.storyboard */,
				1816A97E1F46A798004968B7 /* Assets.xcassets */,
				1816A9801F46A798004968B7 /* LaunchScreen.storyboard */,
				1816A9831F46A798004968B7 /* Info.plist */,
			);
			path = ScrollableTabbar;
			sourceTree = "<group>";
		};
/* End PBXGroup section */

/* Begin PBXNativeTarget section */
		1816A9731F46A798004968B7 /* ScrollableTabbar */ = {
			isa = PBXNativeTarget;
			buildConfigurationList = 1816A9861F46A798004968B7 /* Build configuration list for PBXNativeTarget "ScrollableTabbar" */;
			buildPhases = (
				1816A9701F46A798004968B7 /* Sources */,
				1816A9711F46A798004968B7 /* Frameworks */,
				1816A9721F46A798004968B7 /* Resources */,
			);
			buildRules = (
			);
			dependencies = (
			);
			name = ScrollableTabbar;
			productName = ScrollableTabbar;
			productReference = 1816A9741F46A798004968B7 /* ScrollableTabbar.app */;
			productType = "com.apple.product-type.application";
		};
/* End PBXNativeTarget section */

/* Begin PBXProject section */
		1816A96C1F46A797004968B7 /* Project object */ = {
			isa = PBXProject;
			attributes = {
				LastSwiftUpdateCheck = 0900;
				LastUpgradeCheck = 0900;
				ORGANIZATIONNAME = dip;
				TargetAttributes = {
					1816A9731F46A798004968B7 = {
						CreatedOnToolsVersion = 9.0;
					};
				};
			};
			buildConfigurationList = 1816A96F1F46A797004968B7 /* Build configuration list for PBXProject "ScrollableTabbar" */;
			compatibilityVersion = "Xcode 8.0";
			developmentRegion = en;
			hasScannedForEncodings = 0;
			knownRegions = (
				en,
				Base,
			);
			mainGroup = 1816A96B1F46A797004968B7;
			productRefGroup = 1816A9751F46A798004968B7 /* Products */;
			projectDirPath = "";
			projectRoot = "";
			targets = (
				1816A9731F46A798004968B7 /* ScrollableTabbar */,
			);
		};
/* End PBXProject section */

/* Begin PBXResourcesBuildPhase section */
		1816A9721F46A798004968B7 /* Resources */ = {
			isa = PBXResourcesBuildPhase;
			buildActionMask = 2147483647;
			files = (
				1816A9821F46A798004968B7 /* LaunchScreen.storyboard in Resources */,
				1816A97F1F46A798004968B7 /* Assets.xcassets in Resources */,
				1816A97D1F46A798004968B7 /* Main.storyboard in Resources */,
			);
			runOnlyForDeploymentPostprocessing = 0;
		};
/* End PBXResourcesBuildPhase section */

/* Begin PBXSourcesBuildPhase section */
		1816A9701F46A798004968B7 /* Sources */ = {
			isa = PBXSourcesBuildPhase;
			buildActionMask = 2147483647;
			files = (
				1816A97A1F46A798004968B7 /* DGScrollableSegmentControl.swift in Sources */,
				1816A98A1F46B115004968B7 /* DGSpringButton.swift in Sources */,
				1816A98C1F46BB0E004968B7 /* ViewController.swift in Sources */,
				1816A9781F46A798004968B7 /* AppDelegate.swift in Sources */,
			);
			runOnlyForDeploymentPostprocessing = 0;
		};
/* End PBXSourcesBuildPhase section */

/* Begin PBXVariantGroup section */
		1816A97B1F46A798004968B7 /* Main.storyboard */ = {
			isa = PBXVariantGroup;
			children = (
				1816A97C1F46A798004968B7 /* Base */,
			);
			name = Main.storyboard;
			sourceTree = "<group>";
		};
		1816A9801F46A798004968B7 /* LaunchScreen.storyboard */ = {
			isa = PBXVariantGroup;
			children = (
				1816A9811F46A798004968B7 /* Base */,
			);
			name = LaunchScreen.storyboard;
			sourceTree = "<group>";
		};
/* End PBXVariantGroup section */

/* Begin XCBuildConfiguration section */
		1816A9841F46A798004968B7 /* Debug */ = {
			isa = XCBuildConfiguration;
			buildSettings = {
				ALWAYS_SEARCH_USER_PATHS = NO;
				CLANG_ANALYZER_NONNULL = YES;
				CLANG_ANALYZER_NUMBER_OBJECT_CONVERSION = YES_AGGRESSIVE;
				CLANG_CXX_LANGUAGE_STANDARD = "gnu++14";
				CLANG_CXX_LIBRARY = "libc++";
				CLANG_ENABLE_MODULES = YES;
				CLANG_ENABLE_OBJC_ARC = YES;
				CLANG_WARN_BLOCK_CAPTURE_AUTORELEASING = YES;
				CLANG_WARN_BOOL_CONVERSION = YES;
				CLANG_WARN_COMMA = YES;
				CLANG_WARN_CONSTANT_CONVERSION = YES;
				CLANG_WARN_DIRECT_OBJC_ISA_USAGE = YES_ERROR;
				CLANG_WARN_DOCUMENTATION_COMMENTS = YES;
				CLANG_WARN_EMPTY_BODY = YES;
				CLANG_WARN_ENUM_CONVERSION = YES;
				CLANG_WARN_INFINITE_RECURSION = YES;
				CLANG_WARN_INT_CONVERSION = YES;
				CLANG_WARN_NON_LITERAL_NULL_CONVERSION = YES;
				CLANG_WARN_OBJC_LITERAL_CONVERSION = YES;
				CLANG_WARN_OBJC_ROOT_CLASS = YES_ERROR;
				CLANG_WARN_RANGE_LOOP_ANALYSIS = YES;
				CLANG_WARN_STRICT_PROTOTYPES = YES;
				CLANG_WARN_SUSPICIOUS_MOVE = YES;
				CLANG_WARN_UNGUARDED_AVAILABILITY = YES_AGGRESSIVE;
				CLANG_WARN_UNREACHABLE_CODE = YES;
				CLANG_WARN__DUPLICATE_METHOD_MATCH = YES;
				CODE_SIGN_IDENTITY = "iPhone Developer";
				COPY_PHASE_STRIP = NO;
				DEBUG_INFORMATION_FORMAT = dwarf;
				ENABLE_STRICT_OBJC_MSGSEND = YES;
				ENABLE_TESTABILITY = YES;
				GCC_C_LANGUAGE_STANDARD = gnu11;
				GCC_DYNAMIC_NO_PIC = NO;
				GCC_NO_COMMON_BLOCKS = YES;
				GCC_OPTIMIZATION_LEVEL = 0;
				GCC_PREPROCESSOR_DEFINITIONS = (
					"DEBUG=1",
					"$(inherited)",
				);
				GCC_WARN_64_TO_32_BIT_CONVERSION = YES;
				GCC_WARN_ABOUT_RETURN_TYPE = YES_ERROR;
				GCC_WARN_UNDECLARED_SELECTOR = YES;
				GCC_WARN_UNINITIALIZED_AUTOS = YES_AGGRESSIVE;
				GCC_WARN_UNUSED_FUNCTION = YES;
				GCC_WARN_UNUSED_VARIABLE = YES;
				IPHONEOS_DEPLOYMENT_TARGET = 11.0;
				MTL_ENABLE_DEBUG_INFO = YES;
				ONLY_ACTIVE_ARCH = YES;
				SDKROOT = iphoneos;
				SWIFT_ACTIVE_COMPILATION_CONDITIONS = DEBUG;
				SWIFT_OPTIMIZATION_LEVEL = "-Onone";
			};
			name = Debug;
		};
		1816A9851F46A798004968B7 /* Release */ = {
			isa = XCBuildConfiguration;
			buildSettings = {
				ALWAYS_SEARCH_USER_PATHS = NO;
				CLANG_ANALYZER_NONNULL = YES;
				CLANG_ANALYZER_NUMBER_OBJECT_CONVERSION = YES_AGGRESSIVE;
				CLANG_CXX_LANGUAGE_STANDARD = "gnu++14";
				CLANG_CXX_LIBRARY = "libc++";
				CLANG_ENABLE_MODULES = YES;
				CLANG_ENABLE_OBJC_ARC = YES;
				CLANG_WARN_BLOCK_CAPTURE_AUTORELEASING = YES;
				CLANG_WARN_BOOL_CONVERSION = YES;
				CLANG_WARN_COMMA = YES;
				CLANG_WARN_CONSTANT_CONVERSION = YES;
				CLANG_WARN_DIRECT_OBJC_ISA_USAGE = YES_ERROR;
				CLANG_WARN_DOCUMENTATION_COMMENTS = YES;
				CLANG_WARN_EMPTY_BODY = YES;
				CLANG_WARN_ENUM_CONVERSION = YES;
				CLANG_WARN_INFINITE_RECURSION = YES;
				CLANG_WARN_INT_CONVERSION = YES;
				CLANG_WARN_NON_LITERAL_NULL_CONVERSION = YES;
				CLANG_WARN_OBJC_LITERAL_CONVERSION = YES;
				CLANG_WARN_OBJC_ROOT_CLASS = YES_ERROR;
				CLANG_WARN_RANGE_LOOP_ANALYSIS = YES;
				CLANG_WARN_STRICT_PROTOTYPES = YES;
				CLANG_WARN_SUSPICIOUS_MOVE = YES;
				CLANG_WARN_UNGUARDED_AVAILABILITY = YES_AGGRESSIVE;
				CLANG_WARN_UNREACHABLE_CODE = YES;
				CLANG_WARN__DUPLICATE_METHOD_MATCH = YES;
				CODE_SIGN_IDENTITY = "iPhone Developer";
				COPY_PHASE_STRIP = NO;
				DEBUG_INFORMATION_FORMAT = "dwarf-with-dsym";
				ENABLE_NS_ASSERTIONS = NO;
				ENABLE_STRICT_OBJC_MSGSEND = YES;
				GCC_C_LANGUAGE_STANDARD = gnu11;
				GCC_NO_COMMON_BLOCKS = YES;
				GCC_WARN_64_TO_32_BIT_CONVERSION = YES;
				GCC_WARN_ABOUT_RETURN_TYPE = YES_ERROR;
				GCC_WARN_UNDECLARED_SELECTOR = YES;
				GCC_WARN_UNINITIALIZED_AUTOS = YES_AGGRESSIVE;
				GCC_WARN_UNUSED_FUNCTION = YES;
				GCC_WARN_UNUSED_VARIABLE = YES;
				IPHONEOS_DEPLOYMENT_TARGET = 11.0;
				MTL_ENABLE_DEBUG_INFO = NO;
				SDKROOT = iphoneos;
				SWIFT_OPTIMIZATION_LEVEL = "-Owholemodule";
				VALIDATE_PRODUCT = YES;
			};
			name = Release;
		};
		1816A9871F46A798004968B7 /* Debug */ = {
			isa = XCBuildConfiguration;
			buildSettings = {
				ASSETCATALOG_COMPILER_APPICON_NAME = AppIcon;
				INFOPLIST_FILE = ScrollableTabbar/Info.plist;
				LD_RUNPATH_SEARCH_PATHS = "$(inherited) @executable_path/Frameworks";
				PRODUCT_BUNDLE_IDENTIFIER = dip.ScrollableTabbar;
				PRODUCT_NAME = "$(TARGET_NAME)";
				SWIFT_VERSION = 4.0;
				TARGETED_DEVICE_FAMILY = "1,2";
			};
			name = Debug;
		};
		1816A9881F46A798004968B7 /* Release */ = {
			isa = XCBuildConfiguration;
			buildSettings = {
				ASSETCATALOG_COMPILER_APPICON_NAME = AppIcon;
				INFOPLIST_FILE = ScrollableTabbar/Info.plist;
				LD_RUNPATH_SEARCH_PATHS = "$(inherited) @executable_path/Frameworks";
				PRODUCT_BUNDLE_IDENTIFIER = dip.ScrollableTabbar;
				PRODUCT_NAME = "$(TARGET_NAME)";
				SWIFT_VERSION = 4.0;
				TARGETED_DEVICE_FAMILY = "1,2";
			};
			name = Release;
		};
/* End XCBuildConfiguration section */

/* Begin XCConfigurationList section */
		1816A96F1F46A797004968B7 /* Build configuration list for PBXProject "ScrollableTabbar" */ = {
			isa = XCConfigurationList;
			buildConfigurations = (
				1816A9841F46A798004968B7 /* Debug */,
				1816A9851F46A798004968B7 /* Release */,
			);
			defaultConfigurationIsVisible = 0;
			defaultConfigurationName = Release;
		};
		1816A9861F46A798004968B7 /* Build configuration list for PBXNativeTarget "ScrollableTabbar" */ = {
			isa = XCConfigurationList;
			buildConfigurations = (
				1816A9871F46A798004968B7 /* Debug */,
				1816A9881F46A798004968B7 /* Release */,
			);
			defaultConfigurationIsVisible = 0;
			defaultConfigurationName = Release;
		};
/* End XCConfigurationList section */
	};
	rootObject = 1816A96C1F46A797004968B7 /* Project object */;
}
